// !$*UTF8*$!
{
	archiveVersion = 1;
	classes = {
	};
	objectVersion = 46;
	objects = {

/* Begin PBXGroup section */
		58D95CB81E668A2200A58F7E = {
			isa = PBXGroup;
			children = (
			);
			sourceTree = "<group>";
		};
/* End PBXGroup section */

/* Begin PBXProject section */
		58D95CB91E668A2200A58F7E /* Project object */ = {
			isa = PBXProject;
			attributes = {
				LastUpgradeCheck = 0820;
			};
			buildConfigurationList = 58D95CBC1E668A2200A58F7E /* Build configuration list for PBXProject "andrew_cpp" */;
			compatibilityVersion = "Xcode 3.2";
			developmentRegion = English;
			hasScannedForEncodings = 0;
			knownRegions = (
				en,
			);
			mainGroup = 58D95CB81E668A2200A58F7E;
			projectDirPath = "";
			projectRoot = "";
			targets = (
			);
		};
/* End PBXProject section */

/* Begin XCBuildConfiguration section */
		58D95CBD1E668A2200A58F7E /* Debug */ = {
			isa = XCBuildConfiguration;
			buildSettings = {
			};
			name = Debug;
		};
		58D95CBE1E668A2200A58F7E /* Release */ = {
			isa = XCBuildConfiguration;
			buildSettings = {
			};
			name = Release;
		};
/* End XCBuildConfiguration section */

/* Begin XCConfigurationList section */
		58D95CBC1E668A2200A58F7E /* Build configuration list for PBXProject "andrew_cpp" */ = {
			isa = XCConfigurationList;
			buildConfigurations = (
				58D95CBD1E668A2200A58F7E /* Debug */,
				58D95CBE1E668A2200A58F7E /* Release */,
			);
			defaultConfigurationIsVisible = 0;
			defaultConfigurationName = Release;
		};
/* End XCConfigurationList section */
	};
	rootObject = 58D95CB91E668A2200A58F7E /* Project object */;
}
